
Microsoft Visual Studio Solution File, Format Version 12.00
# Visual Studio Version 17
VisualStudioVersion = 17.14.37012.4 d17.14
MinimumVisualStudioVersion = 10.0.40219.1
Project("{FAE04EC0-301F-11D3-BF4B-00C04F79EFBC}") = "ConferenceManager", "ConferenceManager\ConferenceManager.csproj", "{176B0CAD-6FA5-414F-A170-2776C81C0654}"
EndProject
Global
	GlobalSection(SolutionConfigurationPlatforms) = preSolution
		Debug|Any CPU = Debug|Any CPU
		Release|Any CPU = Release|Any CPU
	EndGlobalSection
	GlobalSection(ProjectConfigurationPlatforms) = postSolution
		{176B0CAD-6FA5-414F-A170-2776C81C0654}.Debug|Any CPU.ActiveCfg = Debug|Any CPU
		{176B0CAD-6FA5-414F-A170-2776C81C0654}.Debug|Any CPU.Build.0 = Debug|Any CPU
		{176B0CAD-6FA5-414F-A170-2776C81C0654}.Release|Any CPU.ActiveCfg = Release|Any CPU
		{176B0CAD-6FA5-414F-A170-2776C81C0654}.Release|Any CPU.Build.0 = Release|Any CPU
	EndGlobalSection
	GlobalSection(SolutionProperties) = preSolution
		HideSolutionNode = FALSE
	EndGlobalSection
	GlobalSection(ExtensibilityGlobals) = postSolution
		SolutionGuid = {21FADA7D-881C-4853-B137-BC702A3282E7}
	EndGlobalSection
EndGlobal
